
Microsoft Visual Studio Solution File, Format Version 12.00
# Visual Studio 15
VisualStudioVersion = 15.0.27004.2009
MinimumVisualStudioVersion = 10.0.40219.1
Project("{FAE04EC0-301F-11D3-BF4B-00C04F79EFBC}") = "Project1", "Project1\Project1.csproj", "{A84C1C19-B410-4EDC-8E13-6F2E07C85DA2}"
EndProject
Global
	GlobalSection(SolutionConfigurationPlatforms) = preSolution
		Debug|Any CPU = Debug|Any CPU
		Release|Any CPU = Release|Any CPU
	EndGlobalSection
	GlobalSection(ProjectConfigurationPlatforms) = postSolution
		{A84C1C19-B410-4EDC-8E13-6F2E07C85DA2}.Debug|Any CPU.ActiveCfg = Debug|Any CPU
		{A84C1C19-B410-4EDC-8E13-6F2E07C85DA2}.Debug|Any CPU.Build.0 = Debug|Any CPU
		{A84C1C19-B410-4EDC-8E13-6F2E07C85DA2}.Release|Any CPU.ActiveCfg = Release|Any CPU
		{A84C1C19-B410-4EDC-8E13-6F2E07C85DA2}.Release|Any CPU.Build.0 = Release|Any CPU
	EndGlobalSection
	GlobalSection(SolutionProperties) = preSolution
		HideSolutionNode = FALSE
	EndGlobalSection
	GlobalSection(ExtensibilityGlobals) = postSolution
		SolutionGuid = {6C4C7B42-1451-4EE7-A69F-2237D6960F03}
	EndGlobalSection
EndGlobal
