
Microsoft Visual Studio Solution File, Format Version 12.00
# Visual Studio 15
VisualStudioVersion = 15.0.27004.2009
MinimumVisualStudioVersion = 10.0.40219.1
Project("{FAE04EC0-301F-11D3-BF4B-00C04F79EFBC}") = "Phi", "Phi\Phi.csproj", "{5E65C8A3-9323-4E50-9411-B6C25CFED51E}"
EndProject
Global
	GlobalSection(SolutionConfigurationPlatforms) = preSolution
		Debug|Any CPU = Debug|Any CPU
		Release|Any CPU = Release|Any CPU
	EndGlobalSection
	GlobalSection(ProjectConfigurationPlatforms) = postSolution
		{5E65C8A3-9323-4E50-9411-B6C25CFED51E}.Debug|Any CPU.ActiveCfg = Debug|Any CPU
		{5E65C8A3-9323-4E50-9411-B6C25CFED51E}.Debug|Any CPU.Build.0 = Debug|Any CPU
		{5E65C8A3-9323-4E50-9411-B6C25CFED51E}.Release|Any CPU.ActiveCfg = Release|Any CPU
		{5E65C8A3-9323-4E50-9411-B6C25CFED51E}.Release|Any CPU.Build.0 = Release|Any CPU
	EndGlobalSection
	GlobalSection(SolutionProperties) = preSolution
		HideSolutionNode = FALSE
	EndGlobalSection
	GlobalSection(ExtensibilityGlobals) = postSolution
		SolutionGuid = {C24D6B78-C1FD-4607-B100-81C0017F036A}
	EndGlobalSection
EndGlobal
